
Microsoft Visual Studio Solution File, Format Version 12.00
# Visual Studio Version 17
VisualStudioVersion = 17.7.34202.233
MinimumVisualStudioVersion = 10.0.40219.1
Project("{9A19103F-16F7-4668-BE54-9A1E7A4F7556}") = "Lab1", "Lab1.csproj", "{B7509A45-3102-456F-8A60-86067C2F6A44}"
EndProject
Global
	GlobalSection(SolutionConfigurationPlatforms) = preSolution
		Debug|Any CPU = Debug|Any CPU
		Release|Any CPU = Release|Any CPU
	EndGlobalSection
	GlobalSection(ProjectConfigurationPlatforms) = postSolution
		{B7509A45-3102-456F-8A60-86067C2F6A44}.Debug|Any CPU.ActiveCfg = Debug|Any CPU
		{B7509A45-3102-456F-8A60-86067C2F6A44}.Debug|Any CPU.Build.0 = Debug|Any CPU
		{B7509A45-3102-456F-8A60-86067C2F6A44}.Release|Any CPU.ActiveCfg = Release|Any CPU
		{B7509A45-3102-456F-8A60-86067C2F6A44}.Release|Any CPU.Build.0 = Release|Any CPU
	EndGlobalSection
	GlobalSection(SolutionProperties) = preSolution
		HideSolutionNode = FALSE
	EndGlobalSection
	GlobalSection(ExtensibilityGlobals) = postSolution
		SolutionGuid = {9BC5D261-6718-4973-8319-554A68B4B71F}
	EndGlobalSection
EndGlobal
